
Microsoft Visual Studio Solution File, Format Version 12.00
# Visual Studio Version 16
VisualStudioVersion = 16.0.29613.14
MinimumVisualStudioVersion = 10.0.40219.1
Project("{9A19103F-16F7-4668-BE54-9A1E7A4F7556}") = "Cecil.XmlDocNames", "Cecil.XmlDocNames\Cecil.XmlDocNames.csproj", "{62CB2CBD-955F-4020-8CCE-4804D8BCBE30}"
EndProject
Project("{2150E333-8FDC-42A3-9474-1A3956D46DE8}") = "- Documentation", "- Documentation", "{8790FE96-7716-4B83-AEC2-6EBEDFC4419D}"
	ProjectSection(SolutionItems) = preProject
		..\CHANGELOG.md = ..\CHANGELOG.md
		..\LICENSE = ..\LICENSE
		..\README.md = ..\README.md
	EndProjectSection
EndProject
Project("{2150E333-8FDC-42A3-9474-1A3956D46DE8}") = "- Configuration", "- Configuration", "{46B5153B-C518-4A48-BF6B-39989F54BB59}"
	ProjectSection(SolutionItems) = preProject
		.editorconfig = .editorconfig
		Directory.Build.props = Directory.Build.props
		Directory.Build.targets = Directory.Build.targets
		StyleCop.Analyzers.ruleset = StyleCop.Analyzers.ruleset
	EndProjectSection
EndProject
Project("{2150E333-8FDC-42A3-9474-1A3956D46DE8}") = "Tests", "Tests", "{666B431F-DEA5-45E1-A271-84060570A7E8}"
EndProject
Project("{9A19103F-16F7-4668-BE54-9A1E7A4F7556}") = "Cecil.XmlDocNames.Tests", "Tests\Cecil.XmlDocNames.Tests\Cecil.XmlDocNames.Tests.csproj", "{C772984C-CAF9-47FD-A478-08D0EA798C32}"
EndProject
Project("{FAE04EC0-301F-11D3-BF4B-00C04F79EFBC}") = "ExampleAssembly", "Tests\ExampleAssembly\ExampleAssembly.csproj", "{EFA5A940-A95E-4BA9-B4B5-EA8E265CBF86}"
EndProject
Global
	GlobalSection(SolutionConfigurationPlatforms) = preSolution
		Debug|Any CPU = Debug|Any CPU
		Release|Any CPU = Release|Any CPU
	EndGlobalSection
	GlobalSection(ProjectConfigurationPlatforms) = postSolution
		{62CB2CBD-955F-4020-8CCE-4804D8BCBE30}.Debug|Any CPU.ActiveCfg = Debug|Any CPU
		{62CB2CBD-955F-4020-8CCE-4804D8BCBE30}.Debug|Any CPU.Build.0 = Debug|Any CPU
		{62CB2CBD-955F-4020-8CCE-4804D8BCBE30}.Release|Any CPU.ActiveCfg = Release|Any CPU
		{62CB2CBD-955F-4020-8CCE-4804D8BCBE30}.Release|Any CPU.Build.0 = Release|Any CPU
		{C772984C-CAF9-47FD-A478-08D0EA798C32}.Debug|Any CPU.ActiveCfg = Debug|Any CPU
		{C772984C-CAF9-47FD-A478-08D0EA798C32}.Debug|Any CPU.Build.0 = Debug|Any CPU
		{C772984C-CAF9-47FD-A478-08D0EA798C32}.Release|Any CPU.ActiveCfg = Release|Any CPU
		{C772984C-CAF9-47FD-A478-08D0EA798C32}.Release|Any CPU.Build.0 = Release|Any CPU
		{EFA5A940-A95E-4BA9-B4B5-EA8E265CBF86}.Debug|Any CPU.ActiveCfg = Debug|Any CPU
		{EFA5A940-A95E-4BA9-B4B5-EA8E265CBF86}.Debug|Any CPU.Build.0 = Debug|Any CPU
		{EFA5A940-A95E-4BA9-B4B5-EA8E265CBF86}.Release|Any CPU.ActiveCfg = Release|Any CPU
		{EFA5A940-A95E-4BA9-B4B5-EA8E265CBF86}.Release|Any CPU.Build.0 = Release|Any CPU
	EndGlobalSection
	GlobalSection(SolutionProperties) = preSolution
		HideSolutionNode = FALSE
	EndGlobalSection
	GlobalSection(NestedProjects) = preSolution
		{C772984C-CAF9-47FD-A478-08D0EA798C32} = {666B431F-DEA5-45E1-A271-84060570A7E8}
		{EFA5A940-A95E-4BA9-B4B5-EA8E265CBF86} = {666B431F-DEA5-45E1-A271-84060570A7E8}
	EndGlobalSection
	GlobalSection(ExtensibilityGlobals) = postSolution
		SolutionGuid = {79026CCC-2B02-4EDF-90C7-E25646EF436E}
	EndGlobalSection
EndGlobal
