
Microsoft Visual Studio Solution File, Format Version 12.00
# Visual Studio Version 16
VisualStudioVersion = 16.0.29613.14
MinimumVisualStudioVersion = 10.0.40219.1
Project("{9A19103F-16F7-4668-BE54-9A1E7A4F7556}") = "Cecil.XmlDocNames", "Cecil.XmlDocNames\Cecil.XmlDocNames.csproj", "{62CB2CBD-955F-4020-8CCE-4804D8BCBE30}"
EndProject
Project("{2150E333-8FDC-42A3-9474-1A3956D46DE8}") = "- Documentation", "- Documentation", "{8790FE96-7716-4B83-AEC2-6EBEDFC4419D}"
	ProjectSection(SolutionItems) = preProject
		..\CHANGELOG.md = ..\CHANGELOG.md
		..\LICENSE = ..\LICENSE
		..\README.md = ..\README.md
	EndProjectSection
EndProject
Project("{2150E333-8FDC-42A3-9474-1A3956D46DE8}") = "- Configuration", "- Configuration", "{46B5153B-C518-4A48-BF6B-39989F54BB59}"
	ProjectSection(SolutionItems) = preProject
		.editorconfig = .editorconfig
		Directory.Build.props = Directory.Build.props
		StyleCop.Analyzers.ruleset = StyleCop.Analyzers.ruleset
	EndProjectSection
EndProject
Project("{9A19103F-16F7-4668-BE54-9A1E7A4F7556}") = "Cecil.XmlDocNames.Tests", "Cecil.XmlDocNames.Tests\Cecil.XmlDocNames.Tests.csproj", "{F05A5F36-2154-400D-B153-88A85E0BA5D4}"
EndProject
Global
	GlobalSection(SolutionConfigurationPlatforms) = preSolution
		Debug|Any CPU = Debug|Any CPU
		Release|Any CPU = Release|Any CPU
	EndGlobalSection
	GlobalSection(ProjectConfigurationPlatforms) = postSolution
		{62CB2CBD-955F-4020-8CCE-4804D8BCBE30}.Debug|Any CPU.ActiveCfg = Debug|Any CPU
		{62CB2CBD-955F-4020-8CCE-4804D8BCBE30}.Debug|Any CPU.Build.0 = Debug|Any CPU
		{62CB2CBD-955F-4020-8CCE-4804D8BCBE30}.Release|Any CPU.ActiveCfg = Release|Any CPU
		{62CB2CBD-955F-4020-8CCE-4804D8BCBE30}.Release|Any CPU.Build.0 = Release|Any CPU
		{F05A5F36-2154-400D-B153-88A85E0BA5D4}.Debug|Any CPU.ActiveCfg = Debug|Any CPU
		{F05A5F36-2154-400D-B153-88A85E0BA5D4}.Debug|Any CPU.Build.0 = Debug|Any CPU
		{F05A5F36-2154-400D-B153-88A85E0BA5D4}.Release|Any CPU.ActiveCfg = Release|Any CPU
		{F05A5F36-2154-400D-B153-88A85E0BA5D4}.Release|Any CPU.Build.0 = Release|Any CPU
	EndGlobalSection
	GlobalSection(SolutionProperties) = preSolution
		HideSolutionNode = FALSE
	EndGlobalSection
	GlobalSection(ExtensibilityGlobals) = postSolution
		SolutionGuid = {79026CCC-2B02-4EDF-90C7-E25646EF436E}
	EndGlobalSection
EndGlobal
